Microsoft Visual Studio Solution File, Format Version 12.00
# Visual Studio Version 17
VisualStudioVersion = 17.5.2.0
MinimumVisualStudioVersion = 10.0.40219.1
Project("{FAE04EC0-301F-11D3-BF4B-00C04F79EFBC}") = "OutSystemsMcpServer", "OutSystemsMcpServer.csproj", "{0A43EF72-83C4-9CCF-F8CF-D3FF5956FCEA}"
EndProject
Global
	GlobalSection(SolutionConfigurationPlatforms) = preSolution
		Debug|Any CPU = Debug|Any CPU
		Release|Any CPU = Release|Any CPU
	EndGlobalSection
	GlobalSection(ProjectConfigurationPlatforms) = postSolution
		{0A43EF72-83C4-9CCF-F8CF-D3FF5956FCEA}.Debug|Any CPU.ActiveCfg = Debug|Any CPU
		{0A43EF72-83C4-9CCF-F8CF-D3FF5956FCEA}.Debug|Any CPU.Build.0 = Debug|Any CPU
		{0A43EF72-83C4-9CCF-F8CF-D3FF5956FCEA}.Release|Any CPU.ActiveCfg = Release|Any CPU
		{0A43EF72-83C4-9CCF-F8CF-D3FF5956FCEA}.Release|Any CPU.Build.0 = Release|Any CPU
	EndGlobalSection
	GlobalSection(SolutionProperties) = preSolution
		HideSolutionNode = FALSE
	EndGlobalSection
	GlobalSection(ExtensibilityGlobals) = postSolution
		SolutionGuid = {02DF213F-AA8E-42C5-ABCD-667FE84B9DD1}
	EndGlobalSection
EndGlobal
